
Microsoft Visual Studio Solution File, Format Version 12.00
# Visual Studio Version 17
VisualStudioVersion = 17.3.32922.545
MinimumVisualStudioVersion = 10.0.40219.1
Project("{FAE04EC0-301F-11D3-BF4B-00C04F79EFBC}") = "Hestia.Logging.DingTalk.Service", "Hestia.Logging.DingTalk.Service\Hestia.Logging.DingTalk.Service.csproj", "{C0E62C1A-2616-4699-A3E2-91A1C2BF9726}"
EndProject
Project("{FAE04EC0-301F-11D3-BF4B-00C04F79EFBC}") = "Hestia.Logging.DingTalk.Web", "Hestia.Logging.DingTalk.Web\Hestia.Logging.DingTalk.Web.csproj", "{C6BFE15D-21B2-4828-8D24-F1BEFDC763BD}"
EndProject
Global
	GlobalSection(SolutionConfigurationPlatforms) = preSolution
		Debug|Any CPU = Debug|Any CPU
		Release|Any CPU = Release|Any CPU
	EndGlobalSection
	GlobalSection(ProjectConfigurationPlatforms) = postSolution
		{C0E62C1A-2616-4699-A3E2-91A1C2BF9726}.Debug|Any CPU.ActiveCfg = Debug|Any CPU
		{C0E62C1A-2616-4699-A3E2-91A1C2BF9726}.Debug|Any CPU.Build.0 = Debug|Any CPU
		{C0E62C1A-2616-4699-A3E2-91A1C2BF9726}.Release|Any CPU.ActiveCfg = Release|Any CPU
		{C0E62C1A-2616-4699-A3E2-91A1C2BF9726}.Release|Any CPU.Build.0 = Release|Any CPU
		{C6BFE15D-21B2-4828-8D24-F1BEFDC763BD}.Debug|Any CPU.ActiveCfg = Debug|Any CPU
		{C6BFE15D-21B2-4828-8D24-F1BEFDC763BD}.Debug|Any CPU.Build.0 = Debug|Any CPU
		{C6BFE15D-21B2-4828-8D24-F1BEFDC763BD}.Release|Any CPU.ActiveCfg = Release|Any CPU
		{C6BFE15D-21B2-4828-8D24-F1BEFDC763BD}.Release|Any CPU.Build.0 = Release|Any CPU
	EndGlobalSection
	GlobalSection(SolutionProperties) = preSolution
		HideSolutionNode = FALSE
	EndGlobalSection
	GlobalSection(ExtensibilityGlobals) = postSolution
		SolutionGuid = {063589CE-E868-409F-970A-C621727A4EDD}
	EndGlobalSection
EndGlobal
